
Microsoft Visual Studio Solution File, Format Version 12.00
# Visual Studio Version 17
VisualStudioVersion = 17.14.36623.8
MinimumVisualStudioVersion = 10.0.40219.1
Project("{2150E333-8FDC-42A3-9474-1A3956D46DE8}") = "Task0", "Task0", "{02EA681E-C7D8-13C7-8484-4AC65E1B71E8}"
EndProject
Project("{FAE04EC0-301F-11D3-BF4B-00C04F79EFBC}") = "Tyuiu.RadkoVO.Sprint6.Task0.V6.Lib", "Tyuiu.RadkoVO.Sprint6.Task0.V6.Lib\Tyuiu.RadkoVO.Sprint6.Task0.V6.Lib.csproj", "{F51DBD02-1B90-4846-94BE-28B691EE19AC}"
EndProject
Project("{FAE04EC0-301F-11D3-BF4B-00C04F79EFBC}") = "Tyuiu.RadkoVO.Sprint6.Task0.V6.Test", "Tyuiu.RadkoVO.Sprint6.Task0.V6.Test\Tyuiu.RadkoVO.Sprint6.Task0.V6.Test.csproj", "{D01CE17E-1B32-4837-829A-D168F63BF4B5}"
EndProject
Project("{FAE04EC0-301F-11D3-BF4B-00C04F79EFBC}") = "Tyuiu.RadkoVO.Sprint6.Task0.V6", "Tyuiu.RadkoVO.Sprint6.Task0.V6\Tyuiu.RadkoVO.Sprint6.Task0.V6.csproj", "{CBD160CE-3DFB-4507-95CB-A5E3E1C50DD0}"
EndProject
Project("{2150E333-8FDC-42A3-9474-1A3956D46DE8}") = "Task1", "Task1", "{9C8C348D-CC3C-4ED6-B91F-5136A726BB68}"
EndProject
Project("{FAE04EC0-301F-11D3-BF4B-00C04F79EFBC}") = "Tyuiu.RadkoVO.Sprint6.Task1.V22.Lib", "Tyuiu.RadkoVO.Sprint6.Task1.V22.Lib\Tyuiu.RadkoVO.Sprint6.Task1.V22.Lib.csproj", "{7FB9B013-0023-4D4A-8817-9BAAA7A80957}"
EndProject
Project("{FAE04EC0-301F-11D3-BF4B-00C04F79EFBC}") = "Tyuiu.RadkoVO.Sprint6.Task1.V22.Test", "Tyuiu.RadkoVO.Sprint6.Task1.V22.Test\Tyuiu.RadkoVO.Sprint6.Task1.V22.Test.csproj", "{C3305BCE-E14F-40FD-9621-8D01B2964A70}"
EndProject
Project("{FAE04EC0-301F-11D3-BF4B-00C04F79EFBC}") = "Tyuiu.RadkoVO.Sprint6.Task1.V22", "Tyuiu.RadkoVO.Sprint6.Task1.V22\Tyuiu.RadkoVO.Sprint6.Task1.V22.csproj", "{7CAC56C8-7EB0-44A9-91F9-F0EA8BAEDFBE}"
EndProject
Global
	GlobalSection(SolutionConfigurationPlatforms) = preSolution
		Debug|Any CPU = Debug|Any CPU
		Release|Any CPU = Release|Any CPU
	EndGlobalSection
	GlobalSection(ProjectConfigurationPlatforms) = postSolution
		{F51DBD02-1B90-4846-94BE-28B691EE19AC}.Debug|Any CPU.ActiveCfg = Debug|Any CPU
		{F51DBD02-1B90-4846-94BE-28B691EE19AC}.Debug|Any CPU.Build.0 = Debug|Any CPU
		{F51DBD02-1B90-4846-94BE-28B691EE19AC}.Release|Any CPU.ActiveCfg = Release|Any CPU
		{F51DBD02-1B90-4846-94BE-28B691EE19AC}.Release|Any CPU.Build.0 = Release|Any CPU
		{D01CE17E-1B32-4837-829A-D168F63BF4B5}.Debug|Any CPU.ActiveCfg = Debug|Any CPU
		{D01CE17E-1B32-4837-829A-D168F63BF4B5}.Debug|Any CPU.Build.0 = Debug|Any CPU
		{D01CE17E-1B32-4837-829A-D168F63BF4B5}.Release|Any CPU.ActiveCfg = Release|Any CPU
		{D01CE17E-1B32-4837-829A-D168F63BF4B5}.Release|Any CPU.Build.0 = Release|Any CPU
		{CBD160CE-3DFB-4507-95CB-A5E3E1C50DD0}.Debug|Any CPU.ActiveCfg = Debug|Any CPU
		{CBD160CE-3DFB-4507-95CB-A5E3E1C50DD0}.Debug|Any CPU.Build.0 = Debug|Any CPU
		{CBD160CE-3DFB-4507-95CB-A5E3E1C50DD0}.Release|Any CPU.ActiveCfg = Release|Any CPU
		{CBD160CE-3DFB-4507-95CB-A5E3E1C50DD0}.Release|Any CPU.Build.0 = Release|Any CPU
		{7FB9B013-0023-4D4A-8817-9BAAA7A80957}.Debug|Any CPU.ActiveCfg = Debug|Any CPU
		{7FB9B013-0023-4D4A-8817-9BAAA7A80957}.Debug|Any CPU.Build.0 = Debug|Any CPU
		{7FB9B013-0023-4D4A-8817-9BAAA7A80957}.Release|Any CPU.ActiveCfg = Release|Any CPU
		{7FB9B013-0023-4D4A-8817-9BAAA7A80957}.Release|Any CPU.Build.0 = Release|Any CPU
		{C3305BCE-E14F-40FD-9621-8D01B2964A70}.Debug|Any CPU.ActiveCfg = Debug|Any CPU
		{C3305BCE-E14F-40FD-9621-8D01B2964A70}.Debug|Any CPU.Build.0 = Debug|Any CPU
		{C3305BCE-E14F-40FD-9621-8D01B2964A70}.Release|Any CPU.ActiveCfg = Release|Any CPU
		{C3305BCE-E14F-40FD-9621-8D01B2964A70}.Release|Any CPU.Build.0 = Release|Any CPU
		{7CAC56C8-7EB0-44A9-91F9-F0EA8BAEDFBE}.Debug|Any CPU.ActiveCfg = Debug|Any CPU
		{7CAC56C8-7EB0-44A9-91F9-F0EA8BAEDFBE}.Debug|Any CPU.Build.0 = Debug|Any CPU
		{7CAC56C8-7EB0-44A9-91F9-F0EA8BAEDFBE}.Release|Any CPU.ActiveCfg = Release|Any CPU
		{7CAC56C8-7EB0-44A9-91F9-F0EA8BAEDFBE}.Release|Any CPU.Build.0 = Release|Any CPU
	EndGlobalSection
	GlobalSection(SolutionProperties) = preSolution
		HideSolutionNode = FALSE
	EndGlobalSection
	GlobalSection(NestedProjects) = preSolution
		{F51DBD02-1B90-4846-94BE-28B691EE19AC} = {02EA681E-C7D8-13C7-8484-4AC65E1B71E8}
		{D01CE17E-1B32-4837-829A-D168F63BF4B5} = {02EA681E-C7D8-13C7-8484-4AC65E1B71E8}
		{CBD160CE-3DFB-4507-95CB-A5E3E1C50DD0} = {02EA681E-C7D8-13C7-8484-4AC65E1B71E8}
		{7FB9B013-0023-4D4A-8817-9BAAA7A80957} = {9C8C348D-CC3C-4ED6-B91F-5136A726BB68}
		{C3305BCE-E14F-40FD-9621-8D01B2964A70} = {9C8C348D-CC3C-4ED6-B91F-5136A726BB68}
		{7CAC56C8-7EB0-44A9-91F9-F0EA8BAEDFBE} = {9C8C348D-CC3C-4ED6-B91F-5136A726BB68}
	EndGlobalSection
	GlobalSection(ExtensibilityGlobals) = postSolution
		SolutionGuid = {22C0AF70-C59C-439E-AD2A-32674D181A40}
	EndGlobalSection
EndGlobal
